
Microsoft Visual Studio Solution File, Format Version 12.00
# Visual Studio Version 16
VisualStudioVersion = 16.0.30028.174
MinimumVisualStudioVersion = 10.0.40219.1
Project("{FAE04EC0-301F-11D3-BF4B-00C04F79EFBC}") = "TDD_AccountSystem_練習", "TDD_AccountSystem_練習\TDD_AccountSystem_練習.csproj", "{7C603090-288F-41BE-9C4F-6081ADA5B56C}"
EndProject
Global
	GlobalSection(SolutionConfigurationPlatforms) = preSolution
		Debug|Any CPU = Debug|Any CPU
		Release|Any CPU = Release|Any CPU
	EndGlobalSection
	GlobalSection(ProjectConfigurationPlatforms) = postSolution
		{7C603090-288F-41BE-9C4F-6081ADA5B56C}.Debug|Any CPU.ActiveCfg = Debug|Any CPU
		{7C603090-288F-41BE-9C4F-6081ADA5B56C}.Debug|Any CPU.Build.0 = Debug|Any CPU
		{7C603090-288F-41BE-9C4F-6081ADA5B56C}.Release|Any CPU.ActiveCfg = Release|Any CPU
		{7C603090-288F-41BE-9C4F-6081ADA5B56C}.Release|Any CPU.Build.0 = Release|Any CPU
	EndGlobalSection
	GlobalSection(SolutionProperties) = preSolution
		HideSolutionNode = FALSE
	EndGlobalSection
	GlobalSection(ExtensibilityGlobals) = postSolution
		SolutionGuid = {69B00693-DE05-49CB-A94C-4446266689F0}
	EndGlobalSection
EndGlobal
